// !$*UTF8*$!
{
	archiveVersion = 1;
	classes = {
	};
	objectVersion = 55;
	objects = {

/* Begin PBXBuildFile section */
		6100095A2900BAF1009AF50E /* LearningDataModel.swift in Sources */ = {isa = PBXBuildFile; fileRef = 610009592900BAF1009AF50E /* LearningDataModel.swift */; };
		612C2E9C28E44DE300D3757B /* TopicTableViewCell.swift in Sources */ = {isa = PBXBuildFile; fileRef = 612C2E9A28E44DE300D3757B /* TopicTableViewCell.swift */; };
		612C878E28EACB82004DBE5F /* WordTableViewCell.swift in Sources */ = {isa = PBXBuildFile; fileRef = 612C878D28EACB82004DBE5F /* WordTableViewCell.swift */; };
		613851292902D6C10077B32E /* StatisticsViewController.swift in Sources */ = {isa = PBXBuildFile; fileRef = 613851282902D6C10077B32E /* StatisticsViewController.swift */; };
		61476D4828EF6F7F0070AD57 /* UserSettingKeys.swift in Sources */ = {isa = PBXBuildFile; fileRef = 61476D4728EF6F7F0070AD57 /* UserSettingKeys.swift */; };
		616CC48828F80E9200566ABC /* Topic+CoreDataClass.swift in Sources */ = {isa = PBXBuildFile; fileRef = 616CC48628F80E9200566ABC /* Topic+CoreDataClass.swift */; };
		616CC48928F80E9200566ABC /* Topic+CoreDataProperties.swift in Sources */ = {isa = PBXBuildFile; fileRef = 616CC48728F80E9200566ABC /* Topic+CoreDataProperties.swift */; };
		616CC48F28F84A6C00566ABC /* WordsRepository.swift in Sources */ = {isa = PBXBuildFile; fileRef = 616CC48E28F84A6C00566ABC /* WordsRepository.swift */; };
		616CC49528F95E2500566ABC /* LearningViewController.swift in Sources */ = {isa = PBXBuildFile; fileRef = 616CC49428F95E2500566ABC /* LearningViewController.swift */; };
		616CC4A428F9677200566ABC /* Word+CoreDataClass.swift in Sources */ = {isa = PBXBuildFile; fileRef = 616CC4A228F9677200566ABC /* Word+CoreDataClass.swift */; };
		616CC4A528F9677200566ABC /* Word+CoreDataProperties.swift in Sources */ = {isa = PBXBuildFile; fileRef = 616CC4A328F9677200566ABC /* Word+CoreDataProperties.swift */; };
		616CC4A828F997FE00566ABC /* Improve_your_English.xcdatamodeld in Sources */ = {isa = PBXBuildFile; fileRef = 616CC4A628F997FE00566ABC /* Improve_your_English.xcdatamodeld */; };
		616CC4AA28F99D8100566ABC /* AddWordViewController.swift in Sources */ = {isa = PBXBuildFile; fileRef = 616CC4A928F99D8100566ABC /* AddWordViewController.swift */; };
		617C6C5C28DDA0F90000EEF3 /* TrainingViewController.swift in Sources */ = {isa = PBXBuildFile; fileRef = 617C6C5B28DDA0F90000EEF3 /* TrainingViewController.swift */; };
		6187A61D28DDEE4E00ED9C93 /* SettingsViewController.swift in Sources */ = {isa = PBXBuildFile; fileRef = 6187A61C28DDEE4E00ED9C93 /* SettingsViewController.swift */; };
		6195D81B2906E69F00CBF062 /* AlertControllerExtension.swift in Sources */ = {isa = PBXBuildFile; fileRef = 6195D81A2906E69F00CBF062 /* AlertControllerExtension.swift */; };
		6199EE9C2906B941002E7A2D /* TrainingViewControllerWithTextField.swift in Sources */ = {isa = PBXBuildFile; fileRef = 6199EE9B2906B941002E7A2D /* TrainingViewControllerWithTextField.swift */; };
		619B561628DB496400C22044 /* AppDelegate.swift in Sources */ = {isa = PBXBuildFile; fileRef = 619B561528DB496400C22044 /* AppDelegate.swift */; };
		619B561828DB496400C22044 /* SceneDelegate.swift in Sources */ = {isa = PBXBuildFile; fileRef = 619B561728DB496400C22044 /* SceneDelegate.swift */; };
		619B561A28DB496400C22044 /* MainViewController.swift in Sources */ = {isa = PBXBuildFile; fileRef = 619B561928DB496400C22044 /* MainViewController.swift */; };
		619B561D28DB496400C22044 /* Main.storyboard in Resources */ = {isa = PBXBuildFile; fileRef = 619B561B28DB496400C22044 /* Main.storyboard */; };
		619B562228DB496600C22044 /* Assets.xcassets in Resources */ = {isa = PBXBuildFile; fileRef = 619B562128DB496600C22044 /* Assets.xcassets */; };
		619B562528DB496600C22044 /* LaunchScreen.storyboard in Resources */ = {isa = PBXBuildFile; fileRef = 619B562328DB496600C22044 /* LaunchScreen.storyboard */; };
		61A1B38D28F9F1AD00E7A534 /* UserDefaultsDataModel.swift in Sources */ = {isa = PBXBuildFile; fileRef = 61A1B38C28F9F1AD00E7A534 /* UserDefaultsDataModel.swift */; };
		61A76B4A29074A700040372A /* StatisticRepository.swift in Sources */ = {isa = PBXBuildFile; fileRef = 61A76B4929074A700040372A /* StatisticRepository.swift */; };
		61AAB12F29017B9B00CEC57F /* LearningData+CoreDataClass.swift in Sources */ = {isa = PBXBuildFile; fileRef = 61AAB12D29017B9B00CEC57F /* LearningData+CoreDataClass.swift */; };
		61AAB13029017B9B00CEC57F /* LearningData+CoreDataProperties.swift in Sources */ = {isa = PBXBuildFile; fileRef = 61AAB12E29017B9B00CEC57F /* LearningData+CoreDataProperties.swift */; };
		61B0633428EAE639004BC096 /* CoreDataManager.swift in Sources */ = {isa = PBXBuildFile; fileRef = 61B0633328EAE639004BC096 /* CoreDataManager.swift */; };
		61B0634528ED742E004BC096 /* TopicTableViewCell.xib in Resources */ = {isa = PBXBuildFile; fileRef = 61B0634328ED742E004BC096 /* TopicTableViewCell.xib */; };
		61B0634928ED8CB1004BC096 /* WordTableViewCell.xib in Resources */ = {isa = PBXBuildFile; fileRef = 61B0634728ED8CB0004BC096 /* WordTableViewCell.xib */; };
		61C6E17528EEE42300C1EFEB /* UserDefaultsViewController.swift in Sources */ = {isa = PBXBuildFile; fileRef = 61C6E17428EEE42300C1EFEB /* UserDefaultsViewController.swift */; };
		61C6E17828EEE51D00C1EFEB /* UserDefaultsTableViewCell.swift in Sources */ = {isa = PBXBuildFile; fileRef = 61C6E17628EEE51D00C1EFEB /* UserDefaultsTableViewCell.swift */; };
		61C6E17928EEE51D00C1EFEB /* UserDefaultsTableViewCell.xib in Resources */ = {isa = PBXBuildFile; fileRef = 61C6E17728EEE51D00C1EFEB /* UserDefaultsTableViewCell.xib */; };
		61CF640828FDECF500B29611 /* AddWordDataModel.swift in Sources */ = {isa = PBXBuildFile; fileRef = 61CF640728FDECF500B29611 /* AddWordDataModel.swift */; };
		61CF640D28FDF60E00B29611 /* WordsDataModel.swift in Sources */ = {isa = PBXBuildFile; fileRef = 61CF640C28FDF60E00B29611 /* WordsDataModel.swift */; };
		61CF640F28FF4A8B00B29611 /* SettingsDataModel.swift in Sources */ = {isa = PBXBuildFile; fileRef = 61CF640E28FF4A8B00B29611 /* SettingsDataModel.swift */; };
		61D1C0E92901A53A0008B4FB /* LearningDataRepository.swift in Sources */ = {isa = PBXBuildFile; fileRef = 61D1C0E82901A53A0008B4FB /* LearningDataRepository.swift */; };
		61D1C0EB290201C50008B4FB /* DateExtension.swift in Sources */ = {isa = PBXBuildFile; fileRef = 61D1C0EA290201C50008B4FB /* DateExtension.swift */; };
		61D1C0EE290210510008B4FB /* MainVCDataModel.swift in Sources */ = {isa = PBXBuildFile; fileRef = 61D1C0ED290210510008B4FB /* MainVCDataModel.swift */; };
		61D720132904868F00FA9B9F /* TrainingDataModel.swift in Sources */ = {isa = PBXBuildFile; fileRef = 61D720122904868F00FA9B9F /* TrainingDataModel.swift */; };
		61E794F528E47FB20022B9ED /* DefaultValue.swift in Sources */ = {isa = PBXBuildFile; fileRef = 61E794F428E47FB20022B9ED /* DefaultValue.swift */; };
		61F47C6F28E5CBFD00F81DA6 /* TopicsRepository.swift in Sources */ = {isa = PBXBuildFile; fileRef = 61F47C6E28E5CBFD00F81DA6 /* TopicsRepository.swift */; };
		61F47C7928E5ECEB00F81DA6 /* WordsViewController.swift in Sources */ = {isa = PBXBuildFile; fileRef = 61F47C7828E5ECEB00F81DA6 /* WordsViewController.swift */; };
/* End PBXBuildFile section */

/* Begin PBXFileReference section */
		610009592900BAF1009AF50E /* LearningDataModel.swift */ = {isa = PBXFileReference; lastKnownFileType = sourcecode.swift; path = LearningDataModel.swift; sourceTree = "<group>"; };
		612C2E9A28E44DE300D3757B /* TopicTableViewCell.swift */ = {isa = PBXFileReference; lastKnownFileType = sourcecode.swift; path = TopicTableViewCell.swift; sourceTree = "<group>"; };
		612C878D28EACB82004DBE5F /* WordTableViewCell.swift */ = {isa = PBXFileReference; lastKnownFileType = sourcecode.swift; path = WordTableViewCell.swift; sourceTree = "<group>"; };
		613851282902D6C10077B32E /* StatisticsViewController.swift */ = {isa = PBXFileReference; lastKnownFileType = sourcecode.swift; name = StatisticsViewController.swift; path = "Improve your English/StatisticsViewController.swift"; sourceTree = SOURCE_ROOT; };
		61476D4728EF6F7F0070AD57 /* UserSettingKeys.swift */ = {isa = PBXFileReference; lastKnownFileType = sourcecode.swift; path = UserSettingKeys.swift; sourceTree = "<group>"; };
		616CC48628F80E9200566ABC /* Topic+CoreDataClass.swift */ = {isa = PBXFileReference; lastKnownFileType = sourcecode.swift; path = "Topic+CoreDataClass.swift"; sourceTree = "<group>"; };
		616CC48728F80E9200566ABC /* Topic+CoreDataProperties.swift */ = {isa = PBXFileReference; lastKnownFileType = sourcecode.swift; path = "Topic+CoreDataProperties.swift"; sourceTree = "<group>"; };
		616CC48E28F84A6C00566ABC /* WordsRepository.swift */ = {isa = PBXFileReference; lastKnownFileType = sourcecode.swift; path = WordsRepository.swift; sourceTree = "<group>"; };
		616CC49428F95E2500566ABC /* LearningViewController.swift */ = {isa = PBXFileReference; lastKnownFileType = sourcecode.swift; path = LearningViewController.swift; sourceTree = "<group>"; };
		616CC4A228F9677200566ABC /* Word+CoreDataClass.swift */ = {isa = PBXFileReference; lastKnownFileType = sourcecode.swift; path = "Word+CoreDataClass.swift"; sourceTree = "<group>"; };
		616CC4A328F9677200566ABC /* Word+CoreDataProperties.swift */ = {isa = PBXFileReference; lastKnownFileType = sourcecode.swift; path = "Word+CoreDataProperties.swift"; sourceTree = "<group>"; };
		616CC4A728F997FE00566ABC /* Improve_your_English.xcdatamodel */ = {isa = PBXFileReference; lastKnownFileType = wrapper.xcdatamodel; path = Improve_your_English.xcdatamodel; sourceTree = "<group>"; };
		616CC4A928F99D8100566ABC /* AddWordViewController.swift */ = {isa = PBXFileReference; lastKnownFileType = sourcecode.swift; path = AddWordViewController.swift; sourceTree = "<group>"; };
		617C6C5B28DDA0F90000EEF3 /* TrainingViewController.swift */ = {isa = PBXFileReference; lastKnownFileType = sourcecode.swift; path = TrainingViewController.swift; sourceTree = "<group>"; };
		6187A61C28DDEE4E00ED9C93 /* SettingsViewController.swift */ = {isa = PBXFileReference; lastKnownFileType = sourcecode.swift; path = SettingsViewController.swift; sourceTree = "<group>"; };
		6195D81A2906E69F00CBF062 /* AlertControllerExtension.swift */ = {isa = PBXFileReference; lastKnownFileType = sourcecode.swift; path = AlertControllerExtension.swift; sourceTree = "<group>"; };
		6199EE9B2906B941002E7A2D /* TrainingViewControllerWithTextField.swift */ = {isa = PBXFileReference; lastKnownFileType = sourcecode.swift; path = TrainingViewControllerWithTextField.swift; sourceTree = "<group>"; };
		619B561228DB496400C22044 /* Improve your English.app */ = {isa = PBXFileReference; explicitFileType = wrapper.application; includeInIndex = 0; path = "Improve your English.app"; sourceTree = BUILT_PRODUCTS_DIR; };
		619B561528DB496400C22044 /* AppDelegate.swift */ = {isa = PBXFileReference; lastKnownFileType = sourcecode.swift; path = AppDelegate.swift; sourceTree = "<group>"; };
		619B561728DB496400C22044 /* SceneDelegate.swift */ = {isa = PBXFileReference; lastKnownFileType = sourcecode.swift; path = SceneDelegate.swift; sourceTree = "<group>"; };
		619B561928DB496400C22044 /* MainViewController.swift */ = {isa = PBXFileReference; lastKnownFileType = sourcecode.swift; path = MainViewController.swift; sourceTree = "<group>"; };
		619B561C28DB496400C22044 /* Base */ = {isa = PBXFileReference; lastKnownFileType = file.storyboard; name = Base; path = Base.lproj/Main.storyboard; sourceTree = "<group>"; };
		619B562128DB496600C22044 /* Assets.xcassets */ = {isa = PBXFileReference; lastKnownFileType = folder.assetcatalog; path = Assets.xcassets; sourceTree = "<group>"; };
		619B562428DB496600C22044 /* Base */ = {isa = PBXFileReference; lastKnownFileType = file.storyboard; name = Base; path = Base.lproj/LaunchScreen.storyboard; sourceTree = "<group>"; };
		619B562628DB496600C22044 /* Info.plist */ = {isa = PBXFileReference; lastKnownFileType = text.plist.xml; path = Info.plist; sourceTree = "<group>"; };
		61A1B38C28F9F1AD00E7A534 /* UserDefaultsDataModel.swift */ = {isa = PBXFileReference; lastKnownFileType = sourcecode.swift; path = UserDefaultsDataModel.swift; sourceTree = "<group>"; };
		61A76B4929074A700040372A /* StatisticRepository.swift */ = {isa = PBXFileReference; lastKnownFileType = sourcecode.swift; path = StatisticRepository.swift; sourceTree = "<group>"; };
		61AAB12D29017B9B00CEC57F /* LearningData+CoreDataClass.swift */ = {isa = PBXFileReference; lastKnownFileType = sourcecode.swift; path = "LearningData+CoreDataClass.swift"; sourceTree = "<group>"; };
		61AAB12E29017B9B00CEC57F /* LearningData+CoreDataProperties.swift */ = {isa = PBXFileReference; lastKnownFileType = sourcecode.swift; path = "LearningData+CoreDataProperties.swift"; sourceTree = "<group>"; };
		61B0633328EAE639004BC096 /* CoreDataManager.swift */ = {isa = PBXFileReference; lastKnownFileType = sourcecode.swift; path = CoreDataManager.swift; sourceTree = "<group>"; };
		61B0634328ED742E004BC096 /* TopicTableViewCell.xib */ = {isa = PBXFileReference; lastKnownFileType = file.xib; path = TopicTableViewCell.xib; sourceTree = "<group>"; };
		61B0634728ED8CB0004BC096 /* WordTableViewCell.xib */ = {isa = PBXFileReference; lastKnownFileType = file.xib; path = WordTableViewCell.xib; sourceTree = "<group>"; };
		61C6E17428EEE42300C1EFEB /* UserDefaultsViewController.swift */ = {isa = PBXFileReference; lastKnownFileType = sourcecode.swift; path = UserDefaultsViewController.swift; sourceTree = "<group>"; };
		61C6E17628EEE51D00C1EFEB /* UserDefaultsTableViewCell.swift */ = {isa = PBXFileReference; lastKnownFileType = sourcecode.swift; path = UserDefaultsTableViewCell.swift; sourceTree = "<group>"; };
		61C6E17728EEE51D00C1EFEB /* UserDefaultsTableViewCell.xib */ = {isa = PBXFileReference; lastKnownFileType = file.xib; path = UserDefaultsTableViewCell.xib; sourceTree = "<group>"; };
		61CF640728FDECF500B29611 /* AddWordDataModel.swift */ = {isa = PBXFileReference; lastKnownFileType = sourcecode.swift; path = AddWordDataModel.swift; sourceTree = "<group>"; };
		61CF640C28FDF60E00B29611 /* WordsDataModel.swift */ = {isa = PBXFileReference; lastKnownFileType = sourcecode.swift; path = WordsDataModel.swift; sourceTree = "<group>"; };
		61CF640E28FF4A8B00B29611 /* SettingsDataModel.swift */ = {isa = PBXFileReference; lastKnownFileType = sourcecode.swift; path = SettingsDataModel.swift; sourceTree = "<group>"; };
		61D1C0E82901A53A0008B4FB /* LearningDataRepository.swift */ = {isa = PBXFileReference; lastKnownFileType = sourcecode.swift; path = LearningDataRepository.swift; sourceTree = "<group>"; };
		61D1C0EA290201C50008B4FB /* DateExtension.swift */ = {isa = PBXFileReference; lastKnownFileType = sourcecode.swift; path = DateExtension.swift; sourceTree = "<group>"; };
		61D1C0ED290210510008B4FB /* MainVCDataModel.swift */ = {isa = PBXFileReference; lastKnownFileType = sourcecode.swift; path = MainVCDataModel.swift; sourceTree = "<group>"; };
		61D720122904868F00FA9B9F /* TrainingDataModel.swift */ = {isa = PBXFileReference; lastKnownFileType = sourcecode.swift; path = TrainingDataModel.swift; sourceTree = "<group>"; };
		61E794F428E47FB20022B9ED /* DefaultValue.swift */ = {isa = PBXFileReference; lastKnownFileType = sourcecode.swift; path = DefaultValue.swift; sourceTree = "<group>"; };
		61F47C6E28E5CBFD00F81DA6 /* TopicsRepository.swift */ = {isa = PBXFileReference; lastKnownFileType = sourcecode.swift; path = TopicsRepository.swift; sourceTree = "<group>"; };
		61F47C7828E5ECEB00F81DA6 /* WordsViewController.swift */ = {isa = PBXFileReference; lastKnownFileType = sourcecode.swift; path = WordsViewController.swift; sourceTree = "<group>"; };
/* End PBXFileReference section */

/* Begin PBXFrameworksBuildPhase section */
		619B560F28DB496400C22044 /* Frameworks */ = {
			isa = PBXFrameworksBuildPhase;
			buildActionMask = 2147483647;
			files = (
			);
			runOnlyForDeploymentPostprocessing = 0;
		};
/* End PBXFrameworksBuildPhase section */

/* Begin PBXGroup section */
		6100095B2900BAF6009AF50E /* LaerningVC */ = {
			isa = PBXGroup;
			children = (
				616CC49428F95E2500566ABC /* LearningViewController.swift */,
				610009592900BAF1009AF50E /* LearningDataModel.swift */,
			);
			path = LaerningVC;
			sourceTree = "<group>";
		};
		6195D81C2906E6BE00CBF062 /* Extensions */ = {
			isa = PBXGroup;
			children = (
				61D1C0EA290201C50008B4FB /* DateExtension.swift */,
				6195D81A2906E69F00CBF062 /* AlertControllerExtension.swift */,
			);
			path = Extensions;
			sourceTree = "<group>";
		};
		619B560928DB496400C22044 = {
			isa = PBXGroup;
			children = (
				61AAB12D29017B9B00CEC57F /* LearningData+CoreDataClass.swift */,
				61AAB12E29017B9B00CEC57F /* LearningData+CoreDataProperties.swift */,
				616CC4A228F9677200566ABC /* Word+CoreDataClass.swift */,
				616CC4A328F9677200566ABC /* Word+CoreDataProperties.swift */,
				616CC48628F80E9200566ABC /* Topic+CoreDataClass.swift */,
				616CC48728F80E9200566ABC /* Topic+CoreDataProperties.swift */,
				619B561428DB496400C22044 /* Improve your English */,
				619B561328DB496400C22044 /* Products */,
			);
			sourceTree = "<group>";
		};
		619B561328DB496400C22044 /* Products */ = {
			isa = PBXGroup;
			children = (
				619B561228DB496400C22044 /* Improve your English.app */,
			);
			name = Products;
			sourceTree = "<group>";
		};
		619B561428DB496400C22044 /* Improve your English */ = {
			isa = PBXGroup;
			children = (
				619B561528DB496400C22044 /* AppDelegate.swift */,
				619B561728DB496400C22044 /* SceneDelegate.swift */,
				619B561B28DB496400C22044 /* Main.storyboard */,
				61C6E17A28EEE5FA00C1EFEB /* UserDefaultsVC */,
				61D1C0EF290210840008B4FB /* MainVC */,
				61B0633128EACE29004BC096 /* SettingsVC */,
				61B0633228EACE3A004BC096 /* WordsVC */,
				61CF640928FDED3E00B29611 /* AddWordVC */,
				6100095B2900BAF6009AF50E /* LaerningVC */,
				61D720142904869700FA9B9F /* TrainingVC */,
				61D1C0EC290201F70008B4FB /* Repositories */,
				61E794F428E47FB20022B9ED /* DefaultValue.swift */,
				613851282902D6C10077B32E /* StatisticsViewController.swift */,
				61B0633328EAE639004BC096 /* CoreDataManager.swift */,
				61476D4728EF6F7F0070AD57 /* UserSettingKeys.swift */,
				6195D81C2906E6BE00CBF062 /* Extensions */,
				619B562128DB496600C22044 /* Assets.xcassets */,
				619B562328DB496600C22044 /* LaunchScreen.storyboard */,
				619B562628DB496600C22044 /* Info.plist */,
				616CC4A628F997FE00566ABC /* Improve_your_English.xcdatamodeld */,
			);
			path = "Improve your English";
			sourceTree = "<group>";
		};
		61B0633128EACE29004BC096 /* SettingsVC */ = {
			isa = PBXGroup;
			children = (
				6187A61C28DDEE4E00ED9C93 /* SettingsViewController.swift */,
				61CF640E28FF4A8B00B29611 /* SettingsDataModel.swift */,
				612C2E9A28E44DE300D3757B /* TopicTableViewCell.swift */,
				61B0634328ED742E004BC096 /* TopicTableViewCell.xib */,
			);
			path = SettingsVC;
			sourceTree = "<group>";
		};
		61B0633228EACE3A004BC096 /* WordsVC */ = {
			isa = PBXGroup;
			children = (
				61F47C7828E5ECEB00F81DA6 /* WordsViewController.swift */,
				61CF640C28FDF60E00B29611 /* WordsDataModel.swift */,
				612C878D28EACB82004DBE5F /* WordTableViewCell.swift */,
				61B0634728ED8CB0004BC096 /* WordTableViewCell.xib */,
			);
			path = WordsVC;
			sourceTree = "<group>";
		};
		61C6E17A28EEE5FA00C1EFEB /* UserDefaultsVC */ = {
			isa = PBXGroup;
			children = (
				61C6E17428EEE42300C1EFEB /* UserDefaultsViewController.swift */,
				61A1B38C28F9F1AD00E7A534 /* UserDefaultsDataModel.swift */,
				61C6E17628EEE51D00C1EFEB /* UserDefaultsTableViewCell.swift */,
				61C6E17728EEE51D00C1EFEB /* UserDefaultsTableViewCell.xib */,
			);
			path = UserDefaultsVC;
			sourceTree = "<group>";
		};
		61CF640928FDED3E00B29611 /* AddWordVC */ = {
			isa = PBXGroup;
			children = (
				616CC4A928F99D8100566ABC /* AddWordViewController.swift */,
				61CF640728FDECF500B29611 /* AddWordDataModel.swift */,
			);
			path = AddWordVC;
			sourceTree = "<group>";
		};
		61D1C0EC290201F70008B4FB /* Repositories */ = {
			isa = PBXGroup;
			children = (
				61F47C6E28E5CBFD00F81DA6 /* TopicsRepository.swift */,
				616CC48E28F84A6C00566ABC /* WordsRepository.swift */,
				61A76B4929074A700040372A /* StatisticRepository.swift */,
				61D1C0E82901A53A0008B4FB /* LearningDataRepository.swift */,
			);
			path = Repositories;
			sourceTree = "<group>";
		};
		61D1C0EF290210840008B4FB /* MainVC */ = {
			isa = PBXGroup;
			children = (
				619B561928DB496400C22044 /* MainViewController.swift */,
				61D1C0ED290210510008B4FB /* MainVCDataModel.swift */,
			);
			path = MainVC;
			sourceTree = "<group>";
		};
		61D720142904869700FA9B9F /* TrainingVC */ = {
			isa = PBXGroup;
			children = (
				617C6C5B28DDA0F90000EEF3 /* TrainingViewController.swift */,
				6199EE9B2906B941002E7A2D /* TrainingViewControllerWithTextField.swift */,
				61D720122904868F00FA9B9F /* TrainingDataModel.swift */,
			);
			path = TrainingVC;
			sourceTree = "<group>";
		};
/* End PBXGroup section */

/* Begin PBXNativeTarget section */
		619B561128DB496400C22044 /* Improve your English */ = {
			isa = PBXNativeTarget;
			buildConfigurationList = 619B562928DB496600C22044 /* Build configuration list for PBXNativeTarget "Improve your English" */;
			buildPhases = (
				619B560E28DB496400C22044 /* Sources */,
				619B560F28DB496400C22044 /* Frameworks */,
				619B561028DB496400C22044 /* Resources */,
			);
			buildRules = (
			);
			dependencies = (
			);
			name = "Improve your English";
			productName = "Improve your English";
			productReference = 619B561228DB496400C22044 /* Improve your English.app */;
			productType = "com.apple.product-type.application";
		};
/* End PBXNativeTarget section */

/* Begin PBXProject section */
		619B560A28DB496400C22044 /* Project object */ = {
			isa = PBXProject;
			attributes = {
				BuildIndependentTargetsInParallel = 1;
				LastSwiftUpdateCheck = 1340;
				LastUpgradeCheck = 1340;
				TargetAttributes = {
					619B561128DB496400C22044 = {
						CreatedOnToolsVersion = 13.4.1;
					};
				};
			};
			buildConfigurationList = 619B560D28DB496400C22044 /* Build configuration list for PBXProject "Improve your English" */;
			compatibilityVersion = "Xcode 13.0";
			developmentRegion = en;
			hasScannedForEncodings = 0;
			knownRegions = (
				en,
				Base,
			);
			mainGroup = 619B560928DB496400C22044;
			productRefGroup = 619B561328DB496400C22044 /* Products */;
			projectDirPath = "";
			projectRoot = "";
			targets = (
				619B561128DB496400C22044 /* Improve your English */,
			);
		};
/* End PBXProject section */

/* Begin PBXResourcesBuildPhase section */
		619B561028DB496400C22044 /* Resources */ = {
			isa = PBXResourcesBuildPhase;
			buildActionMask = 2147483647;
			files = (
				61B0634528ED742E004BC096 /* TopicTableViewCell.xib in Resources */,
				61C6E17928EEE51D00C1EFEB /* UserDefaultsTableViewCell.xib in Resources */,
				61B0634928ED8CB1004BC096 /* WordTableViewCell.xib in Resources */,
				619B562528DB496600C22044 /* LaunchScreen.storyboard in Resources */,
				619B562228DB496600C22044 /* Assets.xcassets in Resources */,
				619B561D28DB496400C22044 /* Main.storyboard in Resources */,
			);
			runOnlyForDeploymentPostprocessing = 0;
		};
/* End PBXResourcesBuildPhase section */

/* Begin PBXSourcesBuildPhase section */
		619B560E28DB496400C22044 /* Sources */ = {
			isa = PBXSourcesBuildPhase;
			buildActionMask = 2147483647;
			files = (
				61476D4828EF6F7F0070AD57 /* UserSettingKeys.swift in Sources */,
				619B561A28DB496400C22044 /* MainViewController.swift in Sources */,
				61AAB12F29017B9B00CEC57F /* LearningData+CoreDataClass.swift in Sources */,
				61AAB13029017B9B00CEC57F /* LearningData+CoreDataProperties.swift in Sources */,
				61F47C7928E5ECEB00F81DA6 /* WordsViewController.swift in Sources */,
				619B561628DB496400C22044 /* AppDelegate.swift in Sources */,
				61CF640828FDECF500B29611 /* AddWordDataModel.swift in Sources */,
				61D720132904868F00FA9B9F /* TrainingDataModel.swift in Sources */,
				616CC4AA28F99D8100566ABC /* AddWordViewController.swift in Sources */,
				61B0633428EAE639004BC096 /* CoreDataManager.swift in Sources */,
				616CC48828F80E9200566ABC /* Topic+CoreDataClass.swift in Sources */,
				61A76B4A29074A700040372A /* StatisticRepository.swift in Sources */,
				6100095A2900BAF1009AF50E /* LearningDataModel.swift in Sources */,
				616CC48F28F84A6C00566ABC /* WordsRepository.swift in Sources */,
				61D1C0EB290201C50008B4FB /* DateExtension.swift in Sources */,
				61C6E17528EEE42300C1EFEB /* UserDefaultsViewController.swift in Sources */,
				616CC49528F95E2500566ABC /* LearningViewController.swift in Sources */,
				61C6E17828EEE51D00C1EFEB /* UserDefaultsTableViewCell.swift in Sources */,
				616CC4A828F997FE00566ABC /* Improve_your_English.xcdatamodeld in Sources */,
				6195D81B2906E69F00CBF062 /* AlertControllerExtension.swift in Sources */,
				6199EE9C2906B941002E7A2D /* TrainingViewControllerWithTextField.swift in Sources */,
				616CC4A428F9677200566ABC /* Word+CoreDataClass.swift in Sources */,
				61E794F528E47FB20022B9ED /* DefaultValue.swift in Sources */,
				617C6C5C28DDA0F90000EEF3 /* TrainingViewController.swift in Sources */,
				612C878E28EACB82004DBE5F /* WordTableViewCell.swift in Sources */,
				61CF640D28FDF60E00B29611 /* WordsDataModel.swift in Sources */,
				619B561828DB496400C22044 /* SceneDelegate.swift in Sources */,
				6187A61D28DDEE4E00ED9C93 /* SettingsViewController.swift in Sources */,
				61CF640F28FF4A8B00B29611 /* SettingsDataModel.swift in Sources */,
				61D1C0EE290210510008B4FB /* MainVCDataModel.swift in Sources */,
				616CC4A528F9677200566ABC /* Word+CoreDataProperties.swift in Sources */,
				613851292902D6C10077B32E /* StatisticsViewController.swift in Sources */,
				61D1C0E92901A53A0008B4FB /* LearningDataRepository.swift in Sources */,
				61A1B38D28F9F1AD00E7A534 /* UserDefaultsDataModel.swift in Sources */,
				612C2E9C28E44DE300D3757B /* TopicTableViewCell.swift in Sources */,
				61F47C6F28E5CBFD00F81DA6 /* TopicsRepository.swift in Sources */,
				616CC48928F80E9200566ABC /* Topic+CoreDataProperties.swift in Sources */,
			);
			runOnlyForDeploymentPostprocessing = 0;
		};
/* End PBXSourcesBuildPhase section */

/* Begin PBXVariantGroup section */
		619B561B28DB496400C22044 /* Main.storyboard */ = {
			isa = PBXVariantGroup;
			children = (
				619B561C28DB496400C22044 /* Base */,
			);
			name = Main.storyboard;
			sourceTree = "<group>";
		};
		619B562328DB496600C22044 /* LaunchScreen.storyboard */ = {
			isa = PBXVariantGroup;
			children = (
				619B562428DB496600C22044 /* Base */,
			);
			name = LaunchScreen.storyboard;
			sourceTree = "<group>";
		};
/* End PBXVariantGroup section */

/* Begin XCBuildConfiguration section */
		619B562728DB496600C22044 /* Debug */ = {
			isa = XCBuildConfiguration;
			buildSettings = {
				ALWAYS_SEARCH_USER_PATHS = NO;
				CLANG_ANALYZER_NONNULL = YES;
				CLANG_ANALYZER_NUMBER_OBJECT_CONVERSION = YES_AGGRESSIVE;
				CLANG_CXX_LANGUAGE_STANDARD = "gnu++17";
				CLANG_ENABLE_MODULES = YES;
				CLANG_ENABLE_OBJC_ARC = YES;
				CLANG_ENABLE_OBJC_WEAK = YES;
				CLANG_WARN_BLOCK_CAPTURE_AUTORELEASING = YES;
				CLANG_WARN_BOOL_CONVERSION = YES;
				CLANG_WARN_COMMA = YES;
				CLANG_WARN_CONSTANT_CONVERSION = YES;
				CLANG_WARN_DEPRECATED_OBJC_IMPLEMENTATIONS = YES;
				CLANG_WARN_DIRECT_OBJC_ISA_USAGE = YES_ERROR;
				CLANG_WARN_DOCUMENTATION_COMMENTS = YES;
				CLANG_WARN_EMPTY_BODY = YES;
				CLANG_WARN_ENUM_CONVERSION = YES;
				CLANG_WARN_INFINITE_RECURSION = YES;
				CLANG_WARN_INT_CONVERSION = YES;
				CLANG_WARN_NON_LITERAL_NULL_CONVERSION = YES;
				CLANG_WARN_OBJC_IMPLICIT_RETAIN_SELF = YES;
				CLANG_WARN_OBJC_LITERAL_CONVERSION = YES;
				CLANG_WARN_OBJC_ROOT_CLASS = YES_ERROR;
				CLANG_WARN_QUOTED_INCLUDE_IN_FRAMEWORK_HEADER = YES;
				CLANG_WARN_RANGE_LOOP_ANALYSIS = YES;
				CLANG_WARN_STRICT_PROTOTYPES = YES;
				CLANG_WARN_SUSPICIOUS_MOVE = YES;
				CLANG_WARN_UNGUARDED_AVAILABILITY = YES_AGGRESSIVE;
				CLANG_WARN_UNREACHABLE_CODE = YES;
				CLANG_WARN__DUPLICATE_METHOD_MATCH = YES;
				COPY_PHASE_STRIP = NO;
				DEBUG_INFORMATION_FORMAT = dwarf;
				ENABLE_STRICT_OBJC_MSGSEND = YES;
				ENABLE_TESTABILITY = YES;
				GCC_C_LANGUAGE_STANDARD = gnu11;
				GCC_DYNAMIC_NO_PIC = NO;
				GCC_NO_COMMON_BLOCKS = YES;
				GCC_OPTIMIZATION_LEVEL = 0;
				GCC_PREPROCESSOR_DEFINITIONS = (
					"DEBUG=1",
					"$(inherited)",
				);
				GCC_WARN_64_TO_32_BIT_CONVERSION = YES;
				GCC_WARN_ABOUT_RETURN_TYPE = YES_ERROR;
				GCC_WARN_UNDECLARED_SELECTOR = YES;
				GCC_WARN_UNINITIALIZED_AUTOS = YES_AGGRESSIVE;
				GCC_WARN_UNUSED_FUNCTION = YES;
				GCC_WARN_UNUSED_VARIABLE = YES;
				IPHONEOS_DEPLOYMENT_TARGET = 15.5;
				MTL_ENABLE_DEBUG_INFO = INCLUDE_SOURCE;
				MTL_FAST_MATH = YES;
				ONLY_ACTIVE_ARCH = YES;
				SDKROOT = iphoneos;
				SWIFT_ACTIVE_COMPILATION_CONDITIONS = DEBUG;
				SWIFT_OPTIMIZATION_LEVEL = "-Onone";
			};
			name = Debug;
		};
		619B562828DB496600C22044 /* Release */ = {
			isa = XCBuildConfiguration;
			buildSettings = {
				ALWAYS_SEARCH_USER_PATHS = NO;
				CLANG_ANALYZER_NONNULL = YES;
				CLANG_ANALYZER_NUMBER_OBJECT_CONVERSION = YES_AGGRESSIVE;
				CLANG_CXX_LANGUAGE_STANDARD = "gnu++17";
				CLANG_ENABLE_MODULES = YES;
				CLANG_ENABLE_OBJC_ARC = YES;
				CLANG_ENABLE_OBJC_WEAK = YES;
				CLANG_WARN_BLOCK_CAPTURE_AUTORELEASING = YES;
				CLANG_WARN_BOOL_CONVERSION = YES;
				CLANG_WARN_COMMA = YES;
				CLANG_WARN_CONSTANT_CONVERSION = YES;
				CLANG_WARN_DEPRECATED_OBJC_IMPLEMENTATIONS = YES;
				CLANG_WARN_DIRECT_OBJC_ISA_USAGE = YES_ERROR;
				CLANG_WARN_DOCUMENTATION_COMMENTS = YES;
				CLANG_WARN_EMPTY_BODY = YES;
				CLANG_WARN_ENUM_CONVERSION = YES;
				CLANG_WARN_INFINITE_RECURSION = YES;
				CLANG_WARN_INT_CONVERSION = YES;
				CLANG_WARN_NON_LITERAL_NULL_CONVERSION = YES;
				CLANG_WARN_OBJC_IMPLICIT_RETAIN_SELF = YES;
				CLANG_WARN_OBJC_LITERAL_CONVERSION = YES;
				CLANG_WARN_OBJC_ROOT_CLASS = YES_ERROR;
				CLANG_WARN_QUOTED_INCLUDE_IN_FRAMEWORK_HEADER = YES;
				CLANG_WARN_RANGE_LOOP_ANALYSIS = YES;
				CLANG_WARN_STRICT_PROTOTYPES = YES;
				CLANG_WARN_SUSPICIOUS_MOVE = YES;
				CLANG_WARN_UNGUARDED_AVAILABILITY = YES_AGGRESSIVE;
				CLANG_WARN_UNREACHABLE_CODE = YES;
				CLANG_WARN__DUPLICATE_METHOD_MATCH = YES;
				COPY_PHASE_STRIP = NO;
				DEBUG_INFORMATION_FORMAT = "dwarf-with-dsym";
				ENABLE_NS_ASSERTIONS = NO;
				ENABLE_STRICT_OBJC_MSGSEND = YES;
				GCC_C_LANGUAGE_STANDARD = gnu11;
				GCC_NO_COMMON_BLOCKS = YES;
				GCC_WARN_64_TO_32_BIT_CONVERSION = YES;
				GCC_WARN_ABOUT_RETURN_TYPE = YES_ERROR;
				GCC_WARN_UNDECLARED_SELECTOR = YES;
				GCC_WARN_UNINITIALIZED_AUTOS = YES_AGGRESSIVE;
				GCC_WARN_UNUSED_FUNCTION = YES;
				GCC_WARN_UNUSED_VARIABLE = YES;
				IPHONEOS_DEPLOYMENT_TARGET = 15.5;
				MTL_ENABLE_DEBUG_INFO = NO;
				MTL_FAST_MATH = YES;
				SDKROOT = iphoneos;
				SWIFT_COMPILATION_MODE = wholemodule;
				SWIFT_OPTIMIZATION_LEVEL = "-O";
				VALIDATE_PRODUCT = YES;
			};
			name = Release;
		};
		619B562A28DB496600C22044 /* Debug */ = {
			isa = XCBuildConfiguration;
			buildSettings = {
				ASSETCATALOG_COMPILER_APPICON_NAME = AppIcon;
				ASSETCATALOG_COMPILER_GLOBAL_ACCENT_COLOR_NAME = AccentColor;
				CODE_SIGN_STYLE = Automatic;
				CURRENT_PROJECT_VERSION = 1;
				DEVELOPMENT_TEAM = 8WG6LW4XNB;
				GENERATE_INFOPLIST_FILE = YES;
				INFOPLIST_FILE = "Improve your English/Info.plist";
				INFOPLIST_KEY_UIApplicationSupportsIndirectInputEvents = YES;
				INFOPLIST_KEY_UILaunchStoryboardName = LaunchScreen;
				INFOPLIST_KEY_UIMainStoryboardFile = "";
				INFOPLIST_KEY_UISupportedInterfaceOrientations = UIInterfaceOrientationPortrait;
				INFOPLIST_KEY_UISupportedInterfaceOrientations_iPad = "UIInterfaceOrientationPortrait UIInterfaceOrientationPortraitUpsideDown UIInterfaceOrientationLandscapeLeft UIInterfaceOrientationLandscapeRight";
				INFOPLIST_KEY_UISupportedInterfaceOrientations_iPhone = "UIInterfaceOrientationPortrait UIInterfaceOrientationLandscapeLeft UIInterfaceOrientationLandscapeRight";
				LD_RUNPATH_SEARCH_PATHS = (
					"$(inherited)",
					"@executable_path/Frameworks",
				);
				MARKETING_VERSION = 1.0;
				PRODUCT_BUNDLE_IDENTIFIER = "com.Improve-your-English";
				PRODUCT_NAME = "$(TARGET_NAME)";
				SWIFT_EMIT_LOC_STRINGS = YES;
				SWIFT_VERSION = 5.0;
				TARGETED_DEVICE_FAMILY = 1;
			};
			name = Debug;
		};
		619B562B28DB496600C22044 /* Release */ = {
			isa = XCBuildConfiguration;
			buildSettings = {
				ASSETCATALOG_COMPILER_APPICON_NAME = AppIcon;
				ASSETCATALOG_COMPILER_GLOBAL_ACCENT_COLOR_NAME = AccentColor;
				CODE_SIGN_STYLE = Automatic;
				CURRENT_PROJECT_VERSION = 1;
				DEVELOPMENT_TEAM = 8WG6LW4XNB;
				GENERATE_INFOPLIST_FILE = YES;
				INFOPLIST_FILE = "Improve your English/Info.plist";
				INFOPLIST_KEY_UIApplicationSupportsIndirectInputEvents = YES;
				INFOPLIST_KEY_UILaunchStoryboardName = LaunchScreen;
				INFOPLIST_KEY_UIMainStoryboardFile = "";
				INFOPLIST_KEY_UISupportedInterfaceOrientations = UIInterfaceOrientationPortrait;
				INFOPLIST_KEY_UISupportedInterfaceOrientations_iPad = "UIInterfaceOrientationPortrait UIInterfaceOrientationPortraitUpsideDown UIInterfaceOrientationLandscapeLeft UIInterfaceOrientationLandscapeRight";
				INFOPLIST_KEY_UISupportedInterfaceOrientations_iPhone = "UIInterfaceOrientationPortrait UIInterfaceOrientationLandscapeLeft UIInterfaceOrientationLandscapeRight";
				LD_RUNPATH_SEARCH_PATHS = (
					"$(inherited)",
					"@executable_path/Frameworks",
				);
				MARKETING_VERSION = 1.0;
				PRODUCT_BUNDLE_IDENTIFIER = "com.Improve-your-English";
				PRODUCT_NAME = "$(TARGET_NAME)";
				SWIFT_EMIT_LOC_STRINGS = YES;
				SWIFT_VERSION = 5.0;
				TARGETED_DEVICE_FAMILY = 1;
			};
			name = Release;
		};
/* End XCBuildConfiguration section */

/* Begin XCConfigurationList section */
		619B560D28DB496400C22044 /* Build configuration list for PBXProject "Improve your English" */ = {
			isa = XCConfigurationList;
			buildConfigurations = (
				619B562728DB496600C22044 /* Debug */,
				619B562828DB496600C22044 /* Release */,
			);
			defaultConfigurationIsVisible = 0;
			defaultConfigurationName = Release;
		};
		619B562928DB496600C22044 /* Build configuration list for PBXNativeTarget "Improve your English" */ = {
			isa = XCConfigurationList;
			buildConfigurations = (
				619B562A28DB496600C22044 /* Debug */,
				619B562B28DB496600C22044 /* Release */,
			);
			defaultConfigurationIsVisible = 0;
			defaultConfigurationName = Release;
		};
/* End XCConfigurationList section */

/* Begin XCVersionGroup section */
		616CC4A628F997FE00566ABC /* Improve_your_English.xcdatamodeld */ = {
			isa = XCVersionGroup;
			children = (
				616CC4A728F997FE00566ABC /* Improve_your_English.xcdatamodel */,
			);
			currentVersion = 616CC4A728F997FE00566ABC /* Improve_your_English.xcdatamodel */;
			path = Improve_your_English.xcdatamodeld;
			sourceTree = "<group>";
			versionGroupType = wrapper.xcdatamodel;
		};
/* End XCVersionGroup section */
	};
	rootObject = 619B560A28DB496400C22044 /* Project object */;
}
