// !$*UTF8*$!
{
	archiveVersion = 1;
	classes = {
	};
	objectVersion = 55;
	objects = {

/* Begin PBXBuildFile section */
		612C2E9C28E44DE300D3757B /* CustomTableViewCell.swift in Sources */ = {isa = PBXBuildFile; fileRef = 612C2E9A28E44DE300D3757B /* CustomTableViewCell.swift */; };
		612C2E9D28E44DE300D3757B /* CustomTableViewCell.xib in Resources */ = {isa = PBXBuildFile; fileRef = 612C2E9B28E44DE300D3757B /* CustomTableViewCell.xib */; };
		612C2EA328E45E2A00D3757B /* Word+CoreDataClass.swift in Sources */ = {isa = PBXBuildFile; fileRef = 612C2E9F28E45E2A00D3757B /* Word+CoreDataClass.swift */; };
		612C2EA428E45E2A00D3757B /* Word+CoreDataProperties.swift in Sources */ = {isa = PBXBuildFile; fileRef = 612C2EA028E45E2A00D3757B /* Word+CoreDataProperties.swift */; };
		612C2EA528E45E2A00D3757B /* Topic+CoreDataClass.swift in Sources */ = {isa = PBXBuildFile; fileRef = 612C2EA128E45E2A00D3757B /* Topic+CoreDataClass.swift */; };
		612C2EA628E45E2A00D3757B /* Topic+CoreDataProperties.swift in Sources */ = {isa = PBXBuildFile; fileRef = 612C2EA228E45E2A00D3757B /* Topic+CoreDataProperties.swift */; };
		617C6C5C28DDA0F90000EEF3 /* TrainingViewController.swift in Sources */ = {isa = PBXBuildFile; fileRef = 617C6C5B28DDA0F90000EEF3 /* TrainingViewController.swift */; };
		6187A61D28DDEE4E00ED9C93 /* SettingsViewController.swift in Sources */ = {isa = PBXBuildFile; fileRef = 6187A61C28DDEE4E00ED9C93 /* SettingsViewController.swift */; };
		619B561628DB496400C22044 /* AppDelegate.swift in Sources */ = {isa = PBXBuildFile; fileRef = 619B561528DB496400C22044 /* AppDelegate.swift */; };
		619B561828DB496400C22044 /* SceneDelegate.swift in Sources */ = {isa = PBXBuildFile; fileRef = 619B561728DB496400C22044 /* SceneDelegate.swift */; };
		619B561A28DB496400C22044 /* MainViewController.swift in Sources */ = {isa = PBXBuildFile; fileRef = 619B561928DB496400C22044 /* MainViewController.swift */; };
		619B561D28DB496400C22044 /* Main.storyboard in Resources */ = {isa = PBXBuildFile; fileRef = 619B561B28DB496400C22044 /* Main.storyboard */; };
		619B562028DB496400C22044 /* Improve_your_English.xcdatamodeld in Sources */ = {isa = PBXBuildFile; fileRef = 619B561E28DB496400C22044 /* Improve_your_English.xcdatamodeld */; };
		619B562228DB496600C22044 /* Assets.xcassets in Resources */ = {isa = PBXBuildFile; fileRef = 619B562128DB496600C22044 /* Assets.xcassets */; };
		619B562528DB496600C22044 /* LaunchScreen.storyboard in Resources */ = {isa = PBXBuildFile; fileRef = 619B562328DB496600C22044 /* LaunchScreen.storyboard */; };
		619B562D28DB4AF400C22044 /* DataSource.swift in Sources */ = {isa = PBXBuildFile; fileRef = 619B562C28DB4AF400C22044 /* DataSource.swift */; };
		61DCD83228E1C952004D1FD3 /* LearningViewController.swift in Sources */ = {isa = PBXBuildFile; fileRef = 61DCD83128E1C952004D1FD3 /* LearningViewController.swift */; };
		61E794F528E47FB20022B9ED /* DefaultValue.swift in Sources */ = {isa = PBXBuildFile; fileRef = 61E794F428E47FB20022B9ED /* DefaultValue.swift */; };
/* End PBXBuildFile section */

/* Begin PBXFileReference section */
		612C2E9A28E44DE300D3757B /* CustomTableViewCell.swift */ = {isa = PBXFileReference; lastKnownFileType = sourcecode.swift; path = CustomTableViewCell.swift; sourceTree = "<group>"; };
		612C2E9B28E44DE300D3757B /* CustomTableViewCell.xib */ = {isa = PBXFileReference; lastKnownFileType = file.xib; path = CustomTableViewCell.xib; sourceTree = "<group>"; };
		612C2E9F28E45E2A00D3757B /* Word+CoreDataClass.swift */ = {isa = PBXFileReference; lastKnownFileType = sourcecode.swift; path = "Word+CoreDataClass.swift"; sourceTree = "<group>"; };
		612C2EA028E45E2A00D3757B /* Word+CoreDataProperties.swift */ = {isa = PBXFileReference; lastKnownFileType = sourcecode.swift; path = "Word+CoreDataProperties.swift"; sourceTree = "<group>"; };
		612C2EA128E45E2A00D3757B /* Topic+CoreDataClass.swift */ = {isa = PBXFileReference; lastKnownFileType = sourcecode.swift; path = "Topic+CoreDataClass.swift"; sourceTree = "<group>"; };
		612C2EA228E45E2A00D3757B /* Topic+CoreDataProperties.swift */ = {isa = PBXFileReference; lastKnownFileType = sourcecode.swift; path = "Topic+CoreDataProperties.swift"; sourceTree = "<group>"; };
		617C6C5B28DDA0F90000EEF3 /* TrainingViewController.swift */ = {isa = PBXFileReference; lastKnownFileType = sourcecode.swift; path = TrainingViewController.swift; sourceTree = "<group>"; };
		6187A61C28DDEE4E00ED9C93 /* SettingsViewController.swift */ = {isa = PBXFileReference; lastKnownFileType = sourcecode.swift; path = SettingsViewController.swift; sourceTree = "<group>"; };
		619B561228DB496400C22044 /* Improve your English.app */ = {isa = PBXFileReference; explicitFileType = wrapper.application; includeInIndex = 0; path = "Improve your English.app"; sourceTree = BUILT_PRODUCTS_DIR; };
		619B561528DB496400C22044 /* AppDelegate.swift */ = {isa = PBXFileReference; lastKnownFileType = sourcecode.swift; path = AppDelegate.swift; sourceTree = "<group>"; };
		619B561728DB496400C22044 /* SceneDelegate.swift */ = {isa = PBXFileReference; lastKnownFileType = sourcecode.swift; path = SceneDelegate.swift; sourceTree = "<group>"; };
		619B561928DB496400C22044 /* MainViewController.swift */ = {isa = PBXFileReference; lastKnownFileType = sourcecode.swift; path = MainViewController.swift; sourceTree = "<group>"; };
		619B561C28DB496400C22044 /* Base */ = {isa = PBXFileReference; lastKnownFileType = file.storyboard; name = Base; path = Base.lproj/Main.storyboard; sourceTree = "<group>"; };
		619B561F28DB496400C22044 /* Improve_your_English.xcdatamodel */ = {isa = PBXFileReference; lastKnownFileType = wrapper.xcdatamodel; path = Improve_your_English.xcdatamodel; sourceTree = "<group>"; };
		619B562128DB496600C22044 /* Assets.xcassets */ = {isa = PBXFileReference; lastKnownFileType = folder.assetcatalog; path = Assets.xcassets; sourceTree = "<group>"; };
		619B562428DB496600C22044 /* Base */ = {isa = PBXFileReference; lastKnownFileType = file.storyboard; name = Base; path = Base.lproj/LaunchScreen.storyboard; sourceTree = "<group>"; };
		619B562628DB496600C22044 /* Info.plist */ = {isa = PBXFileReference; lastKnownFileType = text.plist.xml; path = Info.plist; sourceTree = "<group>"; };
		619B562C28DB4AF400C22044 /* DataSource.swift */ = {isa = PBXFileReference; lastKnownFileType = sourcecode.swift; path = DataSource.swift; sourceTree = "<group>"; };
		61DCD83128E1C952004D1FD3 /* LearningViewController.swift */ = {isa = PBXFileReference; lastKnownFileType = sourcecode.swift; path = LearningViewController.swift; sourceTree = "<group>"; };
		61E794F428E47FB20022B9ED /* DefaultValue.swift */ = {isa = PBXFileReference; lastKnownFileType = sourcecode.swift; path = DefaultValue.swift; sourceTree = "<group>"; };
/* End PBXFileReference section */

/* Begin PBXFrameworksBuildPhase section */
		619B560F28DB496400C22044 /* Frameworks */ = {
			isa = PBXFrameworksBuildPhase;
			buildActionMask = 2147483647;
			files = (
			);
			runOnlyForDeploymentPostprocessing = 0;
		};
/* End PBXFrameworksBuildPhase section */

/* Begin PBXGroup section */
		612C2E9E28E44E3700D3757B /* Custom Cell */ = {
			isa = PBXGroup;
			children = (
				612C2E9A28E44DE300D3757B /* CustomTableViewCell.swift */,
				612C2E9B28E44DE300D3757B /* CustomTableViewCell.xib */,
			);
			path = "Custom Cell";
			sourceTree = "<group>";
		};
		619B560928DB496400C22044 = {
			isa = PBXGroup;
			children = (
				612C2E9F28E45E2A00D3757B /* Word+CoreDataClass.swift */,
				612C2EA028E45E2A00D3757B /* Word+CoreDataProperties.swift */,
				612C2EA128E45E2A00D3757B /* Topic+CoreDataClass.swift */,
				612C2EA228E45E2A00D3757B /* Topic+CoreDataProperties.swift */,
				619B561428DB496400C22044 /* Improve your English */,
				619B561328DB496400C22044 /* Products */,
			);
			sourceTree = "<group>";
		};
		619B561328DB496400C22044 /* Products */ = {
			isa = PBXGroup;
			children = (
				619B561228DB496400C22044 /* Improve your English.app */,
			);
			name = Products;
			sourceTree = "<group>";
		};
		619B561428DB496400C22044 /* Improve your English */ = {
			isa = PBXGroup;
			children = (
				619B561528DB496400C22044 /* AppDelegate.swift */,
				619B561728DB496400C22044 /* SceneDelegate.swift */,
				619B561B28DB496400C22044 /* Main.storyboard */,
				6187A61C28DDEE4E00ED9C93 /* SettingsViewController.swift */,
				612C2E9E28E44E3700D3757B /* Custom Cell */,
				619B561928DB496400C22044 /* MainViewController.swift */,
				61F47C6D28E5A3EF00F81DA6 /* DefaultTopics */,
				617C6C5B28DDA0F90000EEF3 /* TrainingViewController.swift */,
				61DCD83128E1C952004D1FD3 /* LearningViewController.swift */,
				619B562128DB496600C22044 /* Assets.xcassets */,
				619B562328DB496600C22044 /* LaunchScreen.storyboard */,
				619B562628DB496600C22044 /* Info.plist */,
				619B561E28DB496400C22044 /* Improve_your_English.xcdatamodeld */,
			);
			path = "Improve your English";
			sourceTree = "<group>";
		};
		61F47C6D28E5A3EF00F81DA6 /* DefaultTopics */ = {
			isa = PBXGroup;
			children = (
				619B562C28DB4AF400C22044 /* DataSource.swift */,
				61E794F428E47FB20022B9ED /* DefaultValue.swift */,
			);
			path = DefaultTopics;
			sourceTree = "<group>";
		};
/* End PBXGroup section */

/* Begin PBXNativeTarget section */
		619B561128DB496400C22044 /* Improve your English */ = {
			isa = PBXNativeTarget;
			buildConfigurationList = 619B562928DB496600C22044 /* Build configuration list for PBXNativeTarget "Improve your English" */;
			buildPhases = (
				619B560E28DB496400C22044 /* Sources */,
				619B560F28DB496400C22044 /* Frameworks */,
				619B561028DB496400C22044 /* Resources */,
			);
			buildRules = (
			);
			dependencies = (
			);
			name = "Improve your English";
			productName = "Improve your English";
			productReference = 619B561228DB496400C22044 /* Improve your English.app */;
			productType = "com.apple.product-type.application";
		};
/* End PBXNativeTarget section */

/* Begin PBXProject section */
		619B560A28DB496400C22044 /* Project object */ = {
			isa = PBXProject;
			attributes = {
				BuildIndependentTargetsInParallel = 1;
				LastSwiftUpdateCheck = 1340;
				LastUpgradeCheck = 1340;
				TargetAttributes = {
					619B561128DB496400C22044 = {
						CreatedOnToolsVersion = 13.4.1;
					};
				};
			};
			buildConfigurationList = 619B560D28DB496400C22044 /* Build configuration list for PBXProject "Improve your English" */;
			compatibilityVersion = "Xcode 13.0";
			developmentRegion = en;
			hasScannedForEncodings = 0;
			knownRegions = (
				en,
				Base,
			);
			mainGroup = 619B560928DB496400C22044;
			productRefGroup = 619B561328DB496400C22044 /* Products */;
			projectDirPath = "";
			projectRoot = "";
			targets = (
				619B561128DB496400C22044 /* Improve your English */,
			);
		};
/* End PBXProject section */

/* Begin PBXResourcesBuildPhase section */
		619B561028DB496400C22044 /* Resources */ = {
			isa = PBXResourcesBuildPhase;
			buildActionMask = 2147483647;
			files = (
				619B562528DB496600C22044 /* LaunchScreen.storyboard in Resources */,
				619B562228DB496600C22044 /* Assets.xcassets in Resources */,
				612C2E9D28E44DE300D3757B /* CustomTableViewCell.xib in Resources */,
				619B561D28DB496400C22044 /* Main.storyboard in Resources */,
			);
			runOnlyForDeploymentPostprocessing = 0;
		};
/* End PBXResourcesBuildPhase section */

/* Begin PBXSourcesBuildPhase section */
		619B560E28DB496400C22044 /* Sources */ = {
			isa = PBXSourcesBuildPhase;
			buildActionMask = 2147483647;
			files = (
				619B561A28DB496400C22044 /* MainViewController.swift in Sources */,
				612C2EA428E45E2A00D3757B /* Word+CoreDataProperties.swift in Sources */,
				612C2EA328E45E2A00D3757B /* Word+CoreDataClass.swift in Sources */,
				612C2EA528E45E2A00D3757B /* Topic+CoreDataClass.swift in Sources */,
				61DCD83228E1C952004D1FD3 /* LearningViewController.swift in Sources */,
				619B561628DB496400C22044 /* AppDelegate.swift in Sources */,
				619B562028DB496400C22044 /* Improve_your_English.xcdatamodeld in Sources */,
				619B562D28DB4AF400C22044 /* DataSource.swift in Sources */,
				612C2EA628E45E2A00D3757B /* Topic+CoreDataProperties.swift in Sources */,
				61E794F528E47FB20022B9ED /* DefaultValue.swift in Sources */,
				617C6C5C28DDA0F90000EEF3 /* TrainingViewController.swift in Sources */,
				619B561828DB496400C22044 /* SceneDelegate.swift in Sources */,
				6187A61D28DDEE4E00ED9C93 /* SettingsViewController.swift in Sources */,
				612C2E9C28E44DE300D3757B /* CustomTableViewCell.swift in Sources */,
			);
			runOnlyForDeploymentPostprocessing = 0;
		};
/* End PBXSourcesBuildPhase section */

/* Begin PBXVariantGroup section */
		619B561B28DB496400C22044 /* Main.storyboard */ = {
			isa = PBXVariantGroup;
			children = (
				619B561C28DB496400C22044 /* Base */,
			);
			name = Main.storyboard;
			sourceTree = "<group>";
		};
		619B562328DB496600C22044 /* LaunchScreen.storyboard */ = {
			isa = PBXVariantGroup;
			children = (
				619B562428DB496600C22044 /* Base */,
			);
			name = LaunchScreen.storyboard;
			sourceTree = "<group>";
		};
/* End PBXVariantGroup section */

/* Begin XCBuildConfiguration section */
		619B562728DB496600C22044 /* Debug */ = {
			isa = XCBuildConfiguration;
			buildSettings = {
				ALWAYS_SEARCH_USER_PATHS = NO;
				CLANG_ANALYZER_NONNULL = YES;
				CLANG_ANALYZER_NUMBER_OBJECT_CONVERSION = YES_AGGRESSIVE;
				CLANG_CXX_LANGUAGE_STANDARD = "gnu++17";
				CLANG_ENABLE_MODULES = YES;
				CLANG_ENABLE_OBJC_ARC = YES;
				CLANG_ENABLE_OBJC_WEAK = YES;
				CLANG_WARN_BLOCK_CAPTURE_AUTORELEASING = YES;
				CLANG_WARN_BOOL_CONVERSION = YES;
				CLANG_WARN_COMMA = YES;
				CLANG_WARN_CONSTANT_CONVERSION = YES;
				CLANG_WARN_DEPRECATED_OBJC_IMPLEMENTATIONS = YES;
				CLANG_WARN_DIRECT_OBJC_ISA_USAGE = YES_ERROR;
				CLANG_WARN_DOCUMENTATION_COMMENTS = YES;
				CLANG_WARN_EMPTY_BODY = YES;
				CLANG_WARN_ENUM_CONVERSION = YES;
				CLANG_WARN_INFINITE_RECURSION = YES;
				CLANG_WARN_INT_CONVERSION = YES;
				CLANG_WARN_NON_LITERAL_NULL_CONVERSION = YES;
				CLANG_WARN_OBJC_IMPLICIT_RETAIN_SELF = YES;
				CLANG_WARN_OBJC_LITERAL_CONVERSION = YES;
				CLANG_WARN_OBJC_ROOT_CLASS = YES_ERROR;
				CLANG_WARN_QUOTED_INCLUDE_IN_FRAMEWORK_HEADER = YES;
				CLANG_WARN_RANGE_LOOP_ANALYSIS = YES;
				CLANG_WARN_STRICT_PROTOTYPES = YES;
				CLANG_WARN_SUSPICIOUS_MOVE = YES;
				CLANG_WARN_UNGUARDED_AVAILABILITY = YES_AGGRESSIVE;
				CLANG_WARN_UNREACHABLE_CODE = YES;
				CLANG_WARN__DUPLICATE_METHOD_MATCH = YES;
				COPY_PHASE_STRIP = NO;
				DEBUG_INFORMATION_FORMAT = dwarf;
				ENABLE_STRICT_OBJC_MSGSEND = YES;
				ENABLE_TESTABILITY = YES;
				GCC_C_LANGUAGE_STANDARD = gnu11;
				GCC_DYNAMIC_NO_PIC = NO;
				GCC_NO_COMMON_BLOCKS = YES;
				GCC_OPTIMIZATION_LEVEL = 0;
				GCC_PREPROCESSOR_DEFINITIONS = (
					"DEBUG=1",
					"$(inherited)",
				);
				GCC_WARN_64_TO_32_BIT_CONVERSION = YES;
				GCC_WARN_ABOUT_RETURN_TYPE = YES_ERROR;
				GCC_WARN_UNDECLARED_SELECTOR = YES;
				GCC_WARN_UNINITIALIZED_AUTOS = YES_AGGRESSIVE;
				GCC_WARN_UNUSED_FUNCTION = YES;
				GCC_WARN_UNUSED_VARIABLE = YES;
				IPHONEOS_DEPLOYMENT_TARGET = 15.5;
				MTL_ENABLE_DEBUG_INFO = INCLUDE_SOURCE;
				MTL_FAST_MATH = YES;
				ONLY_ACTIVE_ARCH = YES;
				SDKROOT = iphoneos;
				SWIFT_ACTIVE_COMPILATION_CONDITIONS = DEBUG;
				SWIFT_OPTIMIZATION_LEVEL = "-Onone";
			};
			name = Debug;
		};
		619B562828DB496600C22044 /* Release */ = {
			isa = XCBuildConfiguration;
			buildSettings = {
				ALWAYS_SEARCH_USER_PATHS = NO;
				CLANG_ANALYZER_NONNULL = YES;
				CLANG_ANALYZER_NUMBER_OBJECT_CONVERSION = YES_AGGRESSIVE;
				CLANG_CXX_LANGUAGE_STANDARD = "gnu++17";
				CLANG_ENABLE_MODULES = YES;
				CLANG_ENABLE_OBJC_ARC = YES;
				CLANG_ENABLE_OBJC_WEAK = YES;
				CLANG_WARN_BLOCK_CAPTURE_AUTORELEASING = YES;
				CLANG_WARN_BOOL_CONVERSION = YES;
				CLANG_WARN_COMMA = YES;
				CLANG_WARN_CONSTANT_CONVERSION = YES;
				CLANG_WARN_DEPRECATED_OBJC_IMPLEMENTATIONS = YES;
				CLANG_WARN_DIRECT_OBJC_ISA_USAGE = YES_ERROR;
				CLANG_WARN_DOCUMENTATION_COMMENTS = YES;
				CLANG_WARN_EMPTY_BODY = YES;
				CLANG_WARN_ENUM_CONVERSION = YES;
				CLANG_WARN_INFINITE_RECURSION = YES;
				CLANG_WARN_INT_CONVERSION = YES;
				CLANG_WARN_NON_LITERAL_NULL_CONVERSION = YES;
				CLANG_WARN_OBJC_IMPLICIT_RETAIN_SELF = YES;
				CLANG_WARN_OBJC_LITERAL_CONVERSION = YES;
				CLANG_WARN_OBJC_ROOT_CLASS = YES_ERROR;
				CLANG_WARN_QUOTED_INCLUDE_IN_FRAMEWORK_HEADER = YES;
				CLANG_WARN_RANGE_LOOP_ANALYSIS = YES;
				CLANG_WARN_STRICT_PROTOTYPES = YES;
				CLANG_WARN_SUSPICIOUS_MOVE = YES;
				CLANG_WARN_UNGUARDED_AVAILABILITY = YES_AGGRESSIVE;
				CLANG_WARN_UNREACHABLE_CODE = YES;
				CLANG_WARN__DUPLICATE_METHOD_MATCH = YES;
				COPY_PHASE_STRIP = NO;
				DEBUG_INFORMATION_FORMAT = "dwarf-with-dsym";
				ENABLE_NS_ASSERTIONS = NO;
				ENABLE_STRICT_OBJC_MSGSEND = YES;
				GCC_C_LANGUAGE_STANDARD = gnu11;
				GCC_NO_COMMON_BLOCKS = YES;
				GCC_WARN_64_TO_32_BIT_CONVERSION = YES;
				GCC_WARN_ABOUT_RETURN_TYPE = YES_ERROR;
				GCC_WARN_UNDECLARED_SELECTOR = YES;
				GCC_WARN_UNINITIALIZED_AUTOS = YES_AGGRESSIVE;
				GCC_WARN_UNUSED_FUNCTION = YES;
				GCC_WARN_UNUSED_VARIABLE = YES;
				IPHONEOS_DEPLOYMENT_TARGET = 15.5;
				MTL_ENABLE_DEBUG_INFO = NO;
				MTL_FAST_MATH = YES;
				SDKROOT = iphoneos;
				SWIFT_COMPILATION_MODE = wholemodule;
				SWIFT_OPTIMIZATION_LEVEL = "-O";
				VALIDATE_PRODUCT = YES;
			};
			name = Release;
		};
		619B562A28DB496600C22044 /* Debug */ = {
			isa = XCBuildConfiguration;
			buildSettings = {
				ASSETCATALOG_COMPILER_APPICON_NAME = AppIcon;
				ASSETCATALOG_COMPILER_GLOBAL_ACCENT_COLOR_NAME = AccentColor;
				CODE_SIGN_STYLE = Automatic;
				CURRENT_PROJECT_VERSION = 1;
				DEVELOPMENT_TEAM = 8WG6LW4XNB;
				GENERATE_INFOPLIST_FILE = YES;
				INFOPLIST_FILE = "Improve your English/Info.plist";
				INFOPLIST_KEY_UIApplicationSupportsIndirectInputEvents = YES;
				INFOPLIST_KEY_UILaunchStoryboardName = LaunchScreen;
				INFOPLIST_KEY_UIMainStoryboardFile = Main;
				INFOPLIST_KEY_UISupportedInterfaceOrientations_iPad = "UIInterfaceOrientationPortrait UIInterfaceOrientationPortraitUpsideDown UIInterfaceOrientationLandscapeLeft UIInterfaceOrientationLandscapeRight";
				INFOPLIST_KEY_UISupportedInterfaceOrientations_iPhone = "UIInterfaceOrientationPortrait UIInterfaceOrientationLandscapeLeft UIInterfaceOrientationLandscapeRight";
				LD_RUNPATH_SEARCH_PATHS = (
					"$(inherited)",
					"@executable_path/Frameworks",
				);
				MARKETING_VERSION = 1.0;
				PRODUCT_BUNDLE_IDENTIFIER = "com.Improve-your-English";
				PRODUCT_NAME = "$(TARGET_NAME)";
				SWIFT_EMIT_LOC_STRINGS = YES;
				SWIFT_VERSION = 5.0;
				TARGETED_DEVICE_FAMILY = "1,2";
			};
			name = Debug;
		};
		619B562B28DB496600C22044 /* Release */ = {
			isa = XCBuildConfiguration;
			buildSettings = {
				ASSETCATALOG_COMPILER_APPICON_NAME = AppIcon;
				ASSETCATALOG_COMPILER_GLOBAL_ACCENT_COLOR_NAME = AccentColor;
				CODE_SIGN_STYLE = Automatic;
				CURRENT_PROJECT_VERSION = 1;
				DEVELOPMENT_TEAM = 8WG6LW4XNB;
				GENERATE_INFOPLIST_FILE = YES;
				INFOPLIST_FILE = "Improve your English/Info.plist";
				INFOPLIST_KEY_UIApplicationSupportsIndirectInputEvents = YES;
				INFOPLIST_KEY_UILaunchStoryboardName = LaunchScreen;
				INFOPLIST_KEY_UIMainStoryboardFile = Main;
				INFOPLIST_KEY_UISupportedInterfaceOrientations_iPad = "UIInterfaceOrientationPortrait UIInterfaceOrientationPortraitUpsideDown UIInterfaceOrientationLandscapeLeft UIInterfaceOrientationLandscapeRight";
				INFOPLIST_KEY_UISupportedInterfaceOrientations_iPhone = "UIInterfaceOrientationPortrait UIInterfaceOrientationLandscapeLeft UIInterfaceOrientationLandscapeRight";
				LD_RUNPATH_SEARCH_PATHS = (
					"$(inherited)",
					"@executable_path/Frameworks",
				);
				MARKETING_VERSION = 1.0;
				PRODUCT_BUNDLE_IDENTIFIER = "com.Improve-your-English";
				PRODUCT_NAME = "$(TARGET_NAME)";
				SWIFT_EMIT_LOC_STRINGS = YES;
				SWIFT_VERSION = 5.0;
				TARGETED_DEVICE_FAMILY = "1,2";
			};
			name = Release;
		};
/* End XCBuildConfiguration section */

/* Begin XCConfigurationList section */
		619B560D28DB496400C22044 /* Build configuration list for PBXProject "Improve your English" */ = {
			isa = XCConfigurationList;
			buildConfigurations = (
				619B562728DB496600C22044 /* Debug */,
				619B562828DB496600C22044 /* Release */,
			);
			defaultConfigurationIsVisible = 0;
			defaultConfigurationName = Release;
		};
		619B562928DB496600C22044 /* Build configuration list for PBXNativeTarget "Improve your English" */ = {
			isa = XCConfigurationList;
			buildConfigurations = (
				619B562A28DB496600C22044 /* Debug */,
				619B562B28DB496600C22044 /* Release */,
			);
			defaultConfigurationIsVisible = 0;
			defaultConfigurationName = Release;
		};
/* End XCConfigurationList section */

/* Begin XCVersionGroup section */
		619B561E28DB496400C22044 /* Improve_your_English.xcdatamodeld */ = {
			isa = XCVersionGroup;
			children = (
				619B561F28DB496400C22044 /* Improve_your_English.xcdatamodel */,
			);
			currentVersion = 619B561F28DB496400C22044 /* Improve_your_English.xcdatamodel */;
			path = Improve_your_English.xcdatamodeld;
			sourceTree = "<group>";
			versionGroupType = wrapper.xcdatamodel;
		};
/* End XCVersionGroup section */
	};
	rootObject = 619B560A28DB496400C22044 /* Project object */;
}
